
Microsoft Visual Studio Solution File, Format Version 12.00
# Visual Studio Version 17
VisualStudioVersion = 17.14.36414.22
MinimumVisualStudioVersion = 10.0.40219.1
Project("{FAE04EC0-301F-11D3-BF4B-00C04F79EFBC}") = "ToDoList.Communication", "ToDoList.Communication\ToDoList.Communication.csproj", "{0FFC569C-2ADF-44DA-B580-F5E3E5BB41E2}"
EndProject
Project("{FAE04EC0-301F-11D3-BF4B-00C04F79EFBC}") = "ToDoList.Api", "ToDoList.Api\ToDoList.Api.csproj", "{B36FA6C7-0D0A-4B1D-8CC5-6BE8B79AE8AA}"
EndProject
Project("{FAE04EC0-301F-11D3-BF4B-00C04F79EFBC}") = "ToDoList.Application", "ToDoList.Application\ToDoList.Application.csproj", "{FB3B997B-7880-4A5C-AA8D-182F70F20E4F}"
EndProject
Project("{FAE04EC0-301F-11D3-BF4B-00C04F79EFBC}") = "ToDoList.Domain", "ToDoList.Domain\ToDoList.Domain.csproj", "{E6EE20F0-E20F-425A-882B-B20882995FAB}"
EndProject
Project("{FAE04EC0-301F-11D3-BF4B-00C04F79EFBC}") = "ToDoList.Infrastructure", "ToDoList.Infrastructure\ToDoList.Infrastructure.csproj", "{15431CE2-F396-4975-8188-9387DB2D4C3A}"
EndProject
Global
	GlobalSection(SolutionConfigurationPlatforms) = preSolution
		Debug|Any CPU = Debug|Any CPU
		Release|Any CPU = Release|Any CPU
	EndGlobalSection
	GlobalSection(ProjectConfigurationPlatforms) = postSolution
		{0FFC569C-2ADF-44DA-B580-F5E3E5BB41E2}.Debug|Any CPU.ActiveCfg = Debug|Any CPU
		{0FFC569C-2ADF-44DA-B580-F5E3E5BB41E2}.Debug|Any CPU.Build.0 = Debug|Any CPU
		{0FFC569C-2ADF-44DA-B580-F5E3E5BB41E2}.Release|Any CPU.ActiveCfg = Release|Any CPU
		{0FFC569C-2ADF-44DA-B580-F5E3E5BB41E2}.Release|Any CPU.Build.0 = Release|Any CPU
		{B36FA6C7-0D0A-4B1D-8CC5-6BE8B79AE8AA}.Debug|Any CPU.ActiveCfg = Debug|Any CPU
		{B36FA6C7-0D0A-4B1D-8CC5-6BE8B79AE8AA}.Debug|Any CPU.Build.0 = Debug|Any CPU
		{B36FA6C7-0D0A-4B1D-8CC5-6BE8B79AE8AA}.Release|Any CPU.ActiveCfg = Release|Any CPU
		{B36FA6C7-0D0A-4B1D-8CC5-6BE8B79AE8AA}.Release|Any CPU.Build.0 = Release|Any CPU
		{FB3B997B-7880-4A5C-AA8D-182F70F20E4F}.Debug|Any CPU.ActiveCfg = Debug|Any CPU
		{FB3B997B-7880-4A5C-AA8D-182F70F20E4F}.Debug|Any CPU.Build.0 = Debug|Any CPU
		{FB3B997B-7880-4A5C-AA8D-182F70F20E4F}.Release|Any CPU.ActiveCfg = Release|Any CPU
		{FB3B997B-7880-4A5C-AA8D-182F70F20E4F}.Release|Any CPU.Build.0 = Release|Any CPU
		{E6EE20F0-E20F-425A-882B-B20882995FAB}.Debug|Any CPU.ActiveCfg = Debug|Any CPU
		{E6EE20F0-E20F-425A-882B-B20882995FAB}.Debug|Any CPU.Build.0 = Debug|Any CPU
		{E6EE20F0-E20F-425A-882B-B20882995FAB}.Release|Any CPU.ActiveCfg = Release|Any CPU
		{E6EE20F0-E20F-425A-882B-B20882995FAB}.Release|Any CPU.Build.0 = Release|Any CPU
		{15431CE2-F396-4975-8188-9387DB2D4C3A}.Debug|Any CPU.ActiveCfg = Debug|Any CPU
		{15431CE2-F396-4975-8188-9387DB2D4C3A}.Debug|Any CPU.Build.0 = Debug|Any CPU
		{15431CE2-F396-4975-8188-9387DB2D4C3A}.Release|Any CPU.ActiveCfg = Release|Any CPU
		{15431CE2-F396-4975-8188-9387DB2D4C3A}.Release|Any CPU.Build.0 = Release|Any CPU
	EndGlobalSection
	GlobalSection(SolutionProperties) = preSolution
		HideSolutionNode = FALSE
	EndGlobalSection
	GlobalSection(ExtensibilityGlobals) = postSolution
		SolutionGuid = {CBC209D9-892B-4D59-8F82-EA265CA40762}
	EndGlobalSection
EndGlobal
